
Microsoft Visual Studio Solution File, Format Version 12.00
# Visual Studio Version 17
VisualStudioVersion = 17.5.33516.290
MinimumVisualStudioVersion = 10.0.40219.1
Project("{FAE04EC0-301F-11D3-BF4B-00C04F79EFBC}") = "JogoXadrez", "JogoXadrez\JogoXadrez.csproj", "{679E9D7C-9A12-45C0-B3C3-F5D105EB7E54}"
EndProject
Global
	GlobalSection(SolutionConfigurationPlatforms) = preSolution
		Debug|Any CPU = Debug|Any CPU
		Release|Any CPU = Release|Any CPU
	EndGlobalSection
	GlobalSection(ProjectConfigurationPlatforms) = postSolution
		{679E9D7C-9A12-45C0-B3C3-F5D105EB7E54}.Debug|Any CPU.ActiveCfg = Debug|Any CPU
		{679E9D7C-9A12-45C0-B3C3-F5D105EB7E54}.Debug|Any CPU.Build.0 = Debug|Any CPU
		{679E9D7C-9A12-45C0-B3C3-F5D105EB7E54}.Release|Any CPU.ActiveCfg = Release|Any CPU
		{679E9D7C-9A12-45C0-B3C3-F5D105EB7E54}.Release|Any CPU.Build.0 = Release|Any CPU
	EndGlobalSection
	GlobalSection(SolutionProperties) = preSolution
		HideSolutionNode = FALSE
	EndGlobalSection
	GlobalSection(ExtensibilityGlobals) = postSolution
		SolutionGuid = {8CA4C63A-C6C8-41D7-9DF7-D83031D0A611}
	EndGlobalSection
EndGlobal
