
Microsoft Visual Studio Solution File, Format Version 12.00
# Visual Studio Version 17
VisualStudioVersion = 17.4.33110.190
MinimumVisualStudioVersion = 10.0.40219.1
Project("{FAE04EC0-301F-11D3-BF4B-00C04F79EFBC}") = "Aulas_Poo", "Aulas_Poo\Aulas_Poo.csproj", "{2BB643E8-3CA0-49D6-861C-47FF01F92A58}"
EndProject
Project("{FAE04EC0-301F-11D3-BF4B-00C04F79EFBC}") = "Exercicios", "Exercicios\Exercicios.csproj", "{B8C59371-1044-40EE-BD27-B42CB7EC1391}"
EndProject
Project("{FAE04EC0-301F-11D3-BF4B-00C04F79EFBC}") = "Exercicio2", "Exercicio2\Exercicio2.csproj", "{87B65AC0-7680-4CD7-998C-3F3ACB58B17D}"
EndProject
Project("{FAE04EC0-301F-11D3-BF4B-00C04F79EFBC}") = "Poo06", "Poo06\Poo06.csproj", "{ED67DD0E-760E-4935-AF46-BEDA0B74D09F}"
EndProject
Project("{2150E333-8FDC-42A3-9474-1A3956D46DE8}") = "Capitulo05", "Capitulo05", "{AFDB1543-4C84-4363-8222-C8A3C35DDE1D}"
EndProject
Project("{2150E333-8FDC-42A3-9474-1A3956D46DE8}") = "Capitulo06", "Capitulo06", "{A32B6669-26E6-48DD-8021-786FD1A64553}"
EndProject
Project("{FAE04EC0-301F-11D3-BF4B-00C04F79EFBC}") = "ExercicioVet", "ExercicioVet\ExercicioVet.csproj", "{45C61062-F3AE-4F26-ACB0-87682F57FCF7}"
EndProject
Project("{FAE04EC0-301F-11D3-BF4B-00C04F79EFBC}") = "Modificador", "Modificador\Modificador.csproj", "{2C0CAF4B-9EDA-469C-AA82-DCD6C86F9A24}"
EndProject
Project("{FAE04EC0-301F-11D3-BF4B-00C04F79EFBC}") = "ExercicioLista", "ExercicioLista\ExercicioLista.csproj", "{B8BBF85A-BAE2-4AA1-924A-67D499967656}"
EndProject
Global
	GlobalSection(SolutionConfigurationPlatforms) = preSolution
		Debug|Any CPU = Debug|Any CPU
		Release|Any CPU = Release|Any CPU
	EndGlobalSection
	GlobalSection(ProjectConfigurationPlatforms) = postSolution
		{2BB643E8-3CA0-49D6-861C-47FF01F92A58}.Debug|Any CPU.ActiveCfg = Debug|Any CPU
		{2BB643E8-3CA0-49D6-861C-47FF01F92A58}.Debug|Any CPU.Build.0 = Debug|Any CPU
		{2BB643E8-3CA0-49D6-861C-47FF01F92A58}.Release|Any CPU.ActiveCfg = Release|Any CPU
		{2BB643E8-3CA0-49D6-861C-47FF01F92A58}.Release|Any CPU.Build.0 = Release|Any CPU
		{B8C59371-1044-40EE-BD27-B42CB7EC1391}.Debug|Any CPU.ActiveCfg = Debug|Any CPU
		{B8C59371-1044-40EE-BD27-B42CB7EC1391}.Debug|Any CPU.Build.0 = Debug|Any CPU
		{B8C59371-1044-40EE-BD27-B42CB7EC1391}.Release|Any CPU.ActiveCfg = Release|Any CPU
		{B8C59371-1044-40EE-BD27-B42CB7EC1391}.Release|Any CPU.Build.0 = Release|Any CPU
		{87B65AC0-7680-4CD7-998C-3F3ACB58B17D}.Debug|Any CPU.ActiveCfg = Debug|Any CPU
		{87B65AC0-7680-4CD7-998C-3F3ACB58B17D}.Debug|Any CPU.Build.0 = Debug|Any CPU
		{87B65AC0-7680-4CD7-998C-3F3ACB58B17D}.Release|Any CPU.ActiveCfg = Release|Any CPU
		{87B65AC0-7680-4CD7-998C-3F3ACB58B17D}.Release|Any CPU.Build.0 = Release|Any CPU
		{ED67DD0E-760E-4935-AF46-BEDA0B74D09F}.Debug|Any CPU.ActiveCfg = Debug|Any CPU
		{ED67DD0E-760E-4935-AF46-BEDA0B74D09F}.Debug|Any CPU.Build.0 = Debug|Any CPU
		{ED67DD0E-760E-4935-AF46-BEDA0B74D09F}.Release|Any CPU.ActiveCfg = Release|Any CPU
		{ED67DD0E-760E-4935-AF46-BEDA0B74D09F}.Release|Any CPU.Build.0 = Release|Any CPU
		{45C61062-F3AE-4F26-ACB0-87682F57FCF7}.Debug|Any CPU.ActiveCfg = Debug|Any CPU
		{45C61062-F3AE-4F26-ACB0-87682F57FCF7}.Debug|Any CPU.Build.0 = Debug|Any CPU
		{45C61062-F3AE-4F26-ACB0-87682F57FCF7}.Release|Any CPU.ActiveCfg = Release|Any CPU
		{45C61062-F3AE-4F26-ACB0-87682F57FCF7}.Release|Any CPU.Build.0 = Release|Any CPU
		{2C0CAF4B-9EDA-469C-AA82-DCD6C86F9A24}.Debug|Any CPU.ActiveCfg = Debug|Any CPU
		{2C0CAF4B-9EDA-469C-AA82-DCD6C86F9A24}.Debug|Any CPU.Build.0 = Debug|Any CPU
		{2C0CAF4B-9EDA-469C-AA82-DCD6C86F9A24}.Release|Any CPU.ActiveCfg = Release|Any CPU
		{2C0CAF4B-9EDA-469C-AA82-DCD6C86F9A24}.Release|Any CPU.Build.0 = Release|Any CPU
		{B8BBF85A-BAE2-4AA1-924A-67D499967656}.Debug|Any CPU.ActiveCfg = Debug|Any CPU
		{B8BBF85A-BAE2-4AA1-924A-67D499967656}.Debug|Any CPU.Build.0 = Debug|Any CPU
		{B8BBF85A-BAE2-4AA1-924A-67D499967656}.Release|Any CPU.ActiveCfg = Release|Any CPU
		{B8BBF85A-BAE2-4AA1-924A-67D499967656}.Release|Any CPU.Build.0 = Release|Any CPU
	EndGlobalSection
	GlobalSection(SolutionProperties) = preSolution
		HideSolutionNode = FALSE
	EndGlobalSection
	GlobalSection(NestedProjects) = preSolution
		{2BB643E8-3CA0-49D6-861C-47FF01F92A58} = {AFDB1543-4C84-4363-8222-C8A3C35DDE1D}
		{B8C59371-1044-40EE-BD27-B42CB7EC1391} = {AFDB1543-4C84-4363-8222-C8A3C35DDE1D}
		{87B65AC0-7680-4CD7-998C-3F3ACB58B17D} = {AFDB1543-4C84-4363-8222-C8A3C35DDE1D}
		{ED67DD0E-760E-4935-AF46-BEDA0B74D09F} = {A32B6669-26E6-48DD-8021-786FD1A64553}
		{45C61062-F3AE-4F26-ACB0-87682F57FCF7} = {A32B6669-26E6-48DD-8021-786FD1A64553}
		{2C0CAF4B-9EDA-469C-AA82-DCD6C86F9A24} = {A32B6669-26E6-48DD-8021-786FD1A64553}
		{B8BBF85A-BAE2-4AA1-924A-67D499967656} = {A32B6669-26E6-48DD-8021-786FD1A64553}
	EndGlobalSection
	GlobalSection(ExtensibilityGlobals) = postSolution
		SolutionGuid = {49B186E8-1CAE-4A91-965C-F1C23A73605C}
	EndGlobalSection
EndGlobal
