
Microsoft Visual Studio Solution File, Format Version 12.00
# Visual Studio Version 17
VisualStudioVersion = 17.4.33110.190
MinimumVisualStudioVersion = 10.0.40219.1
Project("{FAE04EC0-301F-11D3-BF4B-00C04F79EFBC}") = "Aulas_Poo", "Aulas_Poo\Aulas_Poo.csproj", "{2BB643E8-3CA0-49D6-861C-47FF01F92A58}"
EndProject
Project("{FAE04EC0-301F-11D3-BF4B-00C04F79EFBC}") = "Exercicios", "Exercicios\Exercicios.csproj", "{B8C59371-1044-40EE-BD27-B42CB7EC1391}"
EndProject
Project("{FAE04EC0-301F-11D3-BF4B-00C04F79EFBC}") = "Exercicio2", "Exercicio2\Exercicio2.csproj", "{87B65AC0-7680-4CD7-998C-3F3ACB58B17D}"
EndProject
Project("{FAE04EC0-301F-11D3-BF4B-00C04F79EFBC}") = "Poo06", "Poo06\Poo06.csproj", "{ED67DD0E-760E-4935-AF46-BEDA0B74D09F}"
EndProject
Project("{2150E333-8FDC-42A3-9474-1A3956D46DE8}") = "Capitulo05", "Capitulo05", "{AFDB1543-4C84-4363-8222-C8A3C35DDE1D}"
EndProject
Project("{2150E333-8FDC-42A3-9474-1A3956D46DE8}") = "Capitulo06", "Capitulo06", "{A32B6669-26E6-48DD-8021-786FD1A64553}"
EndProject
Project("{FAE04EC0-301F-11D3-BF4B-00C04F79EFBC}") = "ExercicioVet", "ExercicioVet\ExercicioVet.csproj", "{45C61062-F3AE-4F26-ACB0-87682F57FCF7}"
EndProject
Project("{FAE04EC0-301F-11D3-BF4B-00C04F79EFBC}") = "Modificador", "Modificador\Modificador.csproj", "{2C0CAF4B-9EDA-469C-AA82-DCD6C86F9A24}"
EndProject
Project("{FAE04EC0-301F-11D3-BF4B-00C04F79EFBC}") = "ExercicioLista", "ExercicioLista\ExercicioLista.csproj", "{B8BBF85A-BAE2-4AA1-924A-67D499967656}"
EndProject
Project("{2150E333-8FDC-42A3-9474-1A3956D46DE8}") = "Capitulo07", "Capitulo07", "{3E7A8977-3B3B-49E1-9761-C14480025675}"
EndProject
Project("{FAE04EC0-301F-11D3-BF4B-00C04F79EFBC}") = "SwitchEVar", "SwitchEVar\SwitchEVar.csproj", "{28C4D805-16D9-44E5-A836-CB4AE94E6985}"
EndProject
Project("{2150E333-8FDC-42A3-9474-1A3956D46DE8}") = "Capitulo09", "Capitulo09", "{8190CFB4-E4A4-4DDD-9878-FA9EAB935647}"
EndProject
Project("{FAE04EC0-301F-11D3-BF4B-00C04F79EFBC}") = "EunumeracoesCompo", "EunumeracoesCompo\EunumeracoesCompo.csproj", "{8D782088-ED30-4AD9-BD12-24CAACFEB8C9}"
EndProject
Project("{FAE04EC0-301F-11D3-BF4B-00C04F79EFBC}") = "Exercicio1", "Exercicio1\Exercicio1.csproj", "{51CEAE01-92A9-4D48-B556-EE543EC7E9BF}"
EndProject
Project("{FAE04EC0-301F-11D3-BF4B-00C04F79EFBC}") = "ExercicioEnun2", "ExercicioEnun2\ExercicioEnun2.csproj", "{06E416B9-54E3-4D20-9D5C-CAC262C3779F}"
EndProject
Project("{FAE04EC0-301F-11D3-BF4B-00C04F79EFBC}") = "ExercicioPedidos", "ExercicioPedidos\ExercicioPedidos.csproj", "{F2CE1952-95FA-4E30-A32F-E3EB9B5F0601}"
EndProject
Project("{2150E333-8FDC-42A3-9474-1A3956D46DE8}") = "Capitulo10", "Capitulo10", "{AAC8B37C-1C12-459A-A9E7-8A4A83CDEBDE}"
EndProject
Project("{FAE04EC0-301F-11D3-BF4B-00C04F79EFBC}") = "HerancaPolimosrfismo", "HerancaPolimosrfismo\HerancaPolimosrfismo.csproj", "{79CF4290-F809-46D1-95BF-B1081144562F}"
EndProject
Project("{FAE04EC0-301F-11D3-BF4B-00C04F79EFBC}") = "Exercicio01", "Exercicio01\Exercicio01.csproj", "{47D4AEB6-464B-4F19-8425-B8965C52492D}"
EndProject
Project("{FAE04EC0-301F-11D3-BF4B-00C04F79EFBC}") = "ListaProdutos", "ListaProdutos\ListaProdutos.csproj", "{6EF5BA5E-19C6-4078-8F2B-D98E756847D3}"
EndProject
Project("{FAE04EC0-301F-11D3-BF4B-00C04F79EFBC}") = "Abstrato", "Abstrato\Abstrato.csproj", "{0765173D-81A2-43C0-9198-EF0ABBEA6D59}"
EndProject
Project("{FAE04EC0-301F-11D3-BF4B-00C04F79EFBC}") = "ImpostoContribuintes", "ImpostoContribuintes\ImpostoContribuintes.csproj", "{7E75AADC-2E71-4EC8-9662-004D2DF2AD60}"
EndProject
Project("{2150E333-8FDC-42A3-9474-1A3956D46DE8}") = "Capitulo11", "Capitulo11", "{1F999016-7911-424B-BF67-80C17DD6D69C}"
EndProject
Project("{FAE04EC0-301F-11D3-BF4B-00C04F79EFBC}") = "Excecoes-Try", "Excecoes-Try\Excecoes-Try.csproj", "{A3F515D9-47FD-4883-B101-A4A71EA61EF5}"
EndProject
Project("{FAE04EC0-301F-11D3-BF4B-00C04F79EFBC}") = "Exercicio001", "Exercicio001\Exercicio001.csproj", "{4064A202-C01B-49EC-8F35-B1576C1F8B77}"
EndProject
Project("{FAE04EC0-301F-11D3-BF4B-00C04F79EFBC}") = "SaqueException", "SaqueException\SaqueException.csproj", "{3460A3E7-A319-48F6-9954-DA7175768A90}"
EndProject
Project("{2150E333-8FDC-42A3-9474-1A3956D46DE8}") = "Capitulo13", "Capitulo13", "{9B81B5C4-6814-41DA-AAE4-B15B238E85AE}"
EndProject
Project("{FAE04EC0-301F-11D3-BF4B-00C04F79EFBC}") = "Arquivos", "Arquivos\Arquivos.csproj", "{8CE3EAAD-0B2B-4E84-A74D-1D9CE1BCFF70}"
EndProject
Project("{FAE04EC0-301F-11D3-BF4B-00C04F79EFBC}") = "FileStreamStream", "FileStreamStream\FileStreamStream.csproj", "{86EF99FD-2F7B-4096-BDA0-4D33A7472210}"
EndProject
Project("{FAE04EC0-301F-11D3-BF4B-00C04F79EFBC}") = "UsingBlock", "UsingBlock\UsingBlock.csproj", "{ABC93CB4-198D-45C7-9479-82343AE6D46C}"
EndProject
Project("{FAE04EC0-301F-11D3-BF4B-00C04F79EFBC}") = "StreamWriterr", "StreamWriter\StreamWriterr.csproj", "{6575787D-05C8-4DBC-BF21-742D4FC56C2A}"
EndProject
Project("{FAE04EC0-301F-11D3-BF4B-00C04F79EFBC}") = "DirectoryDirectoryInfoo", "DirectoryDirectoryInfoo\DirectoryDirectoryInfoo.csproj", "{F0E9AB03-38AB-4B51-85D4-95B94190C2D8}"
EndProject
Project("{FAE04EC0-301F-11D3-BF4B-00C04F79EFBC}") = "Pathh", "Pathh\Pathh.csproj", "{BBC038D5-C21B-4F62-8B56-0899489DA1E2}"
EndProject
Project("{2150E333-8FDC-42A3-9474-1A3956D46DE8}") = "Capitulo14", "Capitulo14", "{80A1D630-798B-4325-8309-85BCAD38319B}"
EndProject
Project("{FAE04EC0-301F-11D3-BF4B-00C04F79EFBC}") = "LocadoraSemInterface", "LocadoraI\LocadoraSemInterface.csproj", "{B741F910-F24B-4565-8CD5-D2440FB050EF}"
EndProject
Project("{FAE04EC0-301F-11D3-BF4B-00C04F79EFBC}") = "LocadoraConInterface", "AluguelConInterface\LocadoraConInterface.csproj", "{E0CE2B7C-04CE-4521-997E-DE6802A143E1}"
EndProject
Project("{FAE04EC0-301F-11D3-BF4B-00C04F79EFBC}") = "ContratosInterface", "ContratosInterface\ContratosInterface.csproj", "{CCA63C5B-5084-4E73-B19E-CA1DC2299B11}"
EndProject
Project("{FAE04EC0-301F-11D3-BF4B-00C04F79EFBC}") = "InterfaceIComparable", "InterfaceIComparable\InterfaceIComparable.csproj", "{6BFC2658-750B-48B7-A97E-5C7001E7051F}"
EndProject
Project("{2150E333-8FDC-42A3-9474-1A3956D46DE8}") = "Capitulo15", "Capitulo15", "{EEC04BA9-BC88-4193-B7C1-6545306265E9}"
EndProject
Project("{FAE04EC0-301F-11D3-BF4B-00C04F79EFBC}") = "Genericos", "Genericos\Genericos.csproj", "{DBDAABCE-D987-4ADF-8775-96095F06AA29}"
EndProject
Project("{FAE04EC0-301F-11D3-BF4B-00C04F79EFBC}") = "TypeSafety&Performace", "TypeSafety&Performace\TypeSafety&Performace.csproj", "{BBEF059C-5F9E-4B20-896C-6E786DF7187C}"
EndProject
Project("{2150E333-8FDC-42A3-9474-1A3956D46DE8}") = "Especiais16", "Especiais16", "{C82C500F-E9EB-495C-AC63-F66ECE984222}"
EndProject
Project("{FAE04EC0-301F-11D3-BF4B-00C04F79EFBC}") = "PrintServiceeT", "PrintServiceeT\PrintServiceeT.csproj", "{0786FF33-0DB0-46F5-9206-65485A4251E1}"
EndProject
Project("{FAE04EC0-301F-11D3-BF4B-00C04F79EFBC}") = "RestricoesGenericas-AvaliaProdutos", "RestricoesGenericas-AvaliaProdutos\RestricoesGenericas-AvaliaProdutos.csproj", "{5F29041C-361F-44FC-B031-C3E06AA6C963}"
EndProject
Project("{FAE04EC0-301F-11D3-BF4B-00C04F79EFBC}") = "GetHasCodeEEquals", "GetHasCodeEEquals\GetHasCodeEEquals.csproj", "{D7D392BA-069D-44C7-8B05-D83440752C38}"
EndProject
Project("{FAE04EC0-301F-11D3-BF4B-00C04F79EFBC}") = "HasSetESortedSet", "HasSetESortedSet\HasSetESortedSet.csproj", "{81861EE4-28CE-4066-9680-F371F326BEC5}"
EndProject
Project("{FAE04EC0-301F-11D3-BF4B-00C04F79EFBC}") = "ExercicioSET", "ExercicioSET\ExercicioSET.csproj", "{EF85159F-2264-49E9-9139-D04E74CBA51E}"
EndProject
Global
	GlobalSection(SolutionConfigurationPlatforms) = preSolution
		Debug|Any CPU = Debug|Any CPU
		Release|Any CPU = Release|Any CPU
	EndGlobalSection
	GlobalSection(ProjectConfigurationPlatforms) = postSolution
		{2BB643E8-3CA0-49D6-861C-47FF01F92A58}.Debug|Any CPU.ActiveCfg = Debug|Any CPU
		{2BB643E8-3CA0-49D6-861C-47FF01F92A58}.Debug|Any CPU.Build.0 = Debug|Any CPU
		{2BB643E8-3CA0-49D6-861C-47FF01F92A58}.Release|Any CPU.ActiveCfg = Release|Any CPU
		{2BB643E8-3CA0-49D6-861C-47FF01F92A58}.Release|Any CPU.Build.0 = Release|Any CPU
		{B8C59371-1044-40EE-BD27-B42CB7EC1391}.Debug|Any CPU.ActiveCfg = Debug|Any CPU
		{B8C59371-1044-40EE-BD27-B42CB7EC1391}.Debug|Any CPU.Build.0 = Debug|Any CPU
		{B8C59371-1044-40EE-BD27-B42CB7EC1391}.Release|Any CPU.ActiveCfg = Release|Any CPU
		{B8C59371-1044-40EE-BD27-B42CB7EC1391}.Release|Any CPU.Build.0 = Release|Any CPU
		{87B65AC0-7680-4CD7-998C-3F3ACB58B17D}.Debug|Any CPU.ActiveCfg = Debug|Any CPU
		{87B65AC0-7680-4CD7-998C-3F3ACB58B17D}.Debug|Any CPU.Build.0 = Debug|Any CPU
		{87B65AC0-7680-4CD7-998C-3F3ACB58B17D}.Release|Any CPU.ActiveCfg = Release|Any CPU
		{87B65AC0-7680-4CD7-998C-3F3ACB58B17D}.Release|Any CPU.Build.0 = Release|Any CPU
		{ED67DD0E-760E-4935-AF46-BEDA0B74D09F}.Debug|Any CPU.ActiveCfg = Debug|Any CPU
		{ED67DD0E-760E-4935-AF46-BEDA0B74D09F}.Debug|Any CPU.Build.0 = Debug|Any CPU
		{ED67DD0E-760E-4935-AF46-BEDA0B74D09F}.Release|Any CPU.ActiveCfg = Release|Any CPU
		{ED67DD0E-760E-4935-AF46-BEDA0B74D09F}.Release|Any CPU.Build.0 = Release|Any CPU
		{45C61062-F3AE-4F26-ACB0-87682F57FCF7}.Debug|Any CPU.ActiveCfg = Debug|Any CPU
		{45C61062-F3AE-4F26-ACB0-87682F57FCF7}.Debug|Any CPU.Build.0 = Debug|Any CPU
		{45C61062-F3AE-4F26-ACB0-87682F57FCF7}.Release|Any CPU.ActiveCfg = Release|Any CPU
		{45C61062-F3AE-4F26-ACB0-87682F57FCF7}.Release|Any CPU.Build.0 = Release|Any CPU
		{2C0CAF4B-9EDA-469C-AA82-DCD6C86F9A24}.Debug|Any CPU.ActiveCfg = Debug|Any CPU
		{2C0CAF4B-9EDA-469C-AA82-DCD6C86F9A24}.Debug|Any CPU.Build.0 = Debug|Any CPU
		{2C0CAF4B-9EDA-469C-AA82-DCD6C86F9A24}.Release|Any CPU.ActiveCfg = Release|Any CPU
		{2C0CAF4B-9EDA-469C-AA82-DCD6C86F9A24}.Release|Any CPU.Build.0 = Release|Any CPU
		{B8BBF85A-BAE2-4AA1-924A-67D499967656}.Debug|Any CPU.ActiveCfg = Debug|Any CPU
		{B8BBF85A-BAE2-4AA1-924A-67D499967656}.Debug|Any CPU.Build.0 = Debug|Any CPU
		{B8BBF85A-BAE2-4AA1-924A-67D499967656}.Release|Any CPU.ActiveCfg = Release|Any CPU
		{B8BBF85A-BAE2-4AA1-924A-67D499967656}.Release|Any CPU.Build.0 = Release|Any CPU
		{28C4D805-16D9-44E5-A836-CB4AE94E6985}.Debug|Any CPU.ActiveCfg = Debug|Any CPU
		{28C4D805-16D9-44E5-A836-CB4AE94E6985}.Debug|Any CPU.Build.0 = Debug|Any CPU
		{28C4D805-16D9-44E5-A836-CB4AE94E6985}.Release|Any CPU.ActiveCfg = Release|Any CPU
		{28C4D805-16D9-44E5-A836-CB4AE94E6985}.Release|Any CPU.Build.0 = Release|Any CPU
		{8D782088-ED30-4AD9-BD12-24CAACFEB8C9}.Debug|Any CPU.ActiveCfg = Debug|Any CPU
		{8D782088-ED30-4AD9-BD12-24CAACFEB8C9}.Debug|Any CPU.Build.0 = Debug|Any CPU
		{8D782088-ED30-4AD9-BD12-24CAACFEB8C9}.Release|Any CPU.ActiveCfg = Release|Any CPU
		{8D782088-ED30-4AD9-BD12-24CAACFEB8C9}.Release|Any CPU.Build.0 = Release|Any CPU
		{51CEAE01-92A9-4D48-B556-EE543EC7E9BF}.Debug|Any CPU.ActiveCfg = Debug|Any CPU
		{51CEAE01-92A9-4D48-B556-EE543EC7E9BF}.Debug|Any CPU.Build.0 = Debug|Any CPU
		{51CEAE01-92A9-4D48-B556-EE543EC7E9BF}.Release|Any CPU.ActiveCfg = Release|Any CPU
		{51CEAE01-92A9-4D48-B556-EE543EC7E9BF}.Release|Any CPU.Build.0 = Release|Any CPU
		{06E416B9-54E3-4D20-9D5C-CAC262C3779F}.Debug|Any CPU.ActiveCfg = Debug|Any CPU
		{06E416B9-54E3-4D20-9D5C-CAC262C3779F}.Debug|Any CPU.Build.0 = Debug|Any CPU
		{06E416B9-54E3-4D20-9D5C-CAC262C3779F}.Release|Any CPU.ActiveCfg = Release|Any CPU
		{06E416B9-54E3-4D20-9D5C-CAC262C3779F}.Release|Any CPU.Build.0 = Release|Any CPU
		{F2CE1952-95FA-4E30-A32F-E3EB9B5F0601}.Debug|Any CPU.ActiveCfg = Debug|Any CPU
		{F2CE1952-95FA-4E30-A32F-E3EB9B5F0601}.Debug|Any CPU.Build.0 = Debug|Any CPU
		{F2CE1952-95FA-4E30-A32F-E3EB9B5F0601}.Release|Any CPU.ActiveCfg = Release|Any CPU
		{F2CE1952-95FA-4E30-A32F-E3EB9B5F0601}.Release|Any CPU.Build.0 = Release|Any CPU
		{79CF4290-F809-46D1-95BF-B1081144562F}.Debug|Any CPU.ActiveCfg = Debug|Any CPU
		{79CF4290-F809-46D1-95BF-B1081144562F}.Debug|Any CPU.Build.0 = Debug|Any CPU
		{79CF4290-F809-46D1-95BF-B1081144562F}.Release|Any CPU.ActiveCfg = Release|Any CPU
		{79CF4290-F809-46D1-95BF-B1081144562F}.Release|Any CPU.Build.0 = Release|Any CPU
		{47D4AEB6-464B-4F19-8425-B8965C52492D}.Debug|Any CPU.ActiveCfg = Debug|Any CPU
		{47D4AEB6-464B-4F19-8425-B8965C52492D}.Debug|Any CPU.Build.0 = Debug|Any CPU
		{47D4AEB6-464B-4F19-8425-B8965C52492D}.Release|Any CPU.ActiveCfg = Release|Any CPU
		{47D4AEB6-464B-4F19-8425-B8965C52492D}.Release|Any CPU.Build.0 = Release|Any CPU
		{6EF5BA5E-19C6-4078-8F2B-D98E756847D3}.Debug|Any CPU.ActiveCfg = Debug|Any CPU
		{6EF5BA5E-19C6-4078-8F2B-D98E756847D3}.Debug|Any CPU.Build.0 = Debug|Any CPU
		{6EF5BA5E-19C6-4078-8F2B-D98E756847D3}.Release|Any CPU.ActiveCfg = Release|Any CPU
		{6EF5BA5E-19C6-4078-8F2B-D98E756847D3}.Release|Any CPU.Build.0 = Release|Any CPU
		{0765173D-81A2-43C0-9198-EF0ABBEA6D59}.Debug|Any CPU.ActiveCfg = Debug|Any CPU
		{0765173D-81A2-43C0-9198-EF0ABBEA6D59}.Debug|Any CPU.Build.0 = Debug|Any CPU
		{0765173D-81A2-43C0-9198-EF0ABBEA6D59}.Release|Any CPU.ActiveCfg = Release|Any CPU
		{0765173D-81A2-43C0-9198-EF0ABBEA6D59}.Release|Any CPU.Build.0 = Release|Any CPU
		{7E75AADC-2E71-4EC8-9662-004D2DF2AD60}.Debug|Any CPU.ActiveCfg = Debug|Any CPU
		{7E75AADC-2E71-4EC8-9662-004D2DF2AD60}.Debug|Any CPU.Build.0 = Debug|Any CPU
		{7E75AADC-2E71-4EC8-9662-004D2DF2AD60}.Release|Any CPU.ActiveCfg = Release|Any CPU
		{7E75AADC-2E71-4EC8-9662-004D2DF2AD60}.Release|Any CPU.Build.0 = Release|Any CPU
		{A3F515D9-47FD-4883-B101-A4A71EA61EF5}.Debug|Any CPU.ActiveCfg = Debug|Any CPU
		{A3F515D9-47FD-4883-B101-A4A71EA61EF5}.Debug|Any CPU.Build.0 = Debug|Any CPU
		{A3F515D9-47FD-4883-B101-A4A71EA61EF5}.Release|Any CPU.ActiveCfg = Release|Any CPU
		{A3F515D9-47FD-4883-B101-A4A71EA61EF5}.Release|Any CPU.Build.0 = Release|Any CPU
		{4064A202-C01B-49EC-8F35-B1576C1F8B77}.Debug|Any CPU.ActiveCfg = Debug|Any CPU
		{4064A202-C01B-49EC-8F35-B1576C1F8B77}.Debug|Any CPU.Build.0 = Debug|Any CPU
		{4064A202-C01B-49EC-8F35-B1576C1F8B77}.Release|Any CPU.ActiveCfg = Release|Any CPU
		{4064A202-C01B-49EC-8F35-B1576C1F8B77}.Release|Any CPU.Build.0 = Release|Any CPU
		{3460A3E7-A319-48F6-9954-DA7175768A90}.Debug|Any CPU.ActiveCfg = Debug|Any CPU
		{3460A3E7-A319-48F6-9954-DA7175768A90}.Debug|Any CPU.Build.0 = Debug|Any CPU
		{3460A3E7-A319-48F6-9954-DA7175768A90}.Release|Any CPU.ActiveCfg = Release|Any CPU
		{3460A3E7-A319-48F6-9954-DA7175768A90}.Release|Any CPU.Build.0 = Release|Any CPU
		{8CE3EAAD-0B2B-4E84-A74D-1D9CE1BCFF70}.Debug|Any CPU.ActiveCfg = Debug|Any CPU
		{8CE3EAAD-0B2B-4E84-A74D-1D9CE1BCFF70}.Debug|Any CPU.Build.0 = Debug|Any CPU
		{8CE3EAAD-0B2B-4E84-A74D-1D9CE1BCFF70}.Release|Any CPU.ActiveCfg = Release|Any CPU
		{8CE3EAAD-0B2B-4E84-A74D-1D9CE1BCFF70}.Release|Any CPU.Build.0 = Release|Any CPU
		{86EF99FD-2F7B-4096-BDA0-4D33A7472210}.Debug|Any CPU.ActiveCfg = Debug|Any CPU
		{86EF99FD-2F7B-4096-BDA0-4D33A7472210}.Debug|Any CPU.Build.0 = Debug|Any CPU
		{86EF99FD-2F7B-4096-BDA0-4D33A7472210}.Release|Any CPU.ActiveCfg = Release|Any CPU
		{86EF99FD-2F7B-4096-BDA0-4D33A7472210}.Release|Any CPU.Build.0 = Release|Any CPU
		{ABC93CB4-198D-45C7-9479-82343AE6D46C}.Debug|Any CPU.ActiveCfg = Debug|Any CPU
		{ABC93CB4-198D-45C7-9479-82343AE6D46C}.Debug|Any CPU.Build.0 = Debug|Any CPU
		{ABC93CB4-198D-45C7-9479-82343AE6D46C}.Release|Any CPU.ActiveCfg = Release|Any CPU
		{ABC93CB4-198D-45C7-9479-82343AE6D46C}.Release|Any CPU.Build.0 = Release|Any CPU
		{6575787D-05C8-4DBC-BF21-742D4FC56C2A}.Debug|Any CPU.ActiveCfg = Debug|Any CPU
		{6575787D-05C8-4DBC-BF21-742D4FC56C2A}.Debug|Any CPU.Build.0 = Debug|Any CPU
		{6575787D-05C8-4DBC-BF21-742D4FC56C2A}.Release|Any CPU.ActiveCfg = Release|Any CPU
		{6575787D-05C8-4DBC-BF21-742D4FC56C2A}.Release|Any CPU.Build.0 = Release|Any CPU
		{F0E9AB03-38AB-4B51-85D4-95B94190C2D8}.Debug|Any CPU.ActiveCfg = Debug|Any CPU
		{F0E9AB03-38AB-4B51-85D4-95B94190C2D8}.Debug|Any CPU.Build.0 = Debug|Any CPU
		{F0E9AB03-38AB-4B51-85D4-95B94190C2D8}.Release|Any CPU.ActiveCfg = Release|Any CPU
		{F0E9AB03-38AB-4B51-85D4-95B94190C2D8}.Release|Any CPU.Build.0 = Release|Any CPU
		{BBC038D5-C21B-4F62-8B56-0899489DA1E2}.Debug|Any CPU.ActiveCfg = Debug|Any CPU
		{BBC038D5-C21B-4F62-8B56-0899489DA1E2}.Debug|Any CPU.Build.0 = Debug|Any CPU
		{BBC038D5-C21B-4F62-8B56-0899489DA1E2}.Release|Any CPU.ActiveCfg = Release|Any CPU
		{BBC038D5-C21B-4F62-8B56-0899489DA1E2}.Release|Any CPU.Build.0 = Release|Any CPU
		{B741F910-F24B-4565-8CD5-D2440FB050EF}.Debug|Any CPU.ActiveCfg = Debug|Any CPU
		{B741F910-F24B-4565-8CD5-D2440FB050EF}.Debug|Any CPU.Build.0 = Debug|Any CPU
		{B741F910-F24B-4565-8CD5-D2440FB050EF}.Release|Any CPU.ActiveCfg = Release|Any CPU
		{B741F910-F24B-4565-8CD5-D2440FB050EF}.Release|Any CPU.Build.0 = Release|Any CPU
		{E0CE2B7C-04CE-4521-997E-DE6802A143E1}.Debug|Any CPU.ActiveCfg = Debug|Any CPU
		{E0CE2B7C-04CE-4521-997E-DE6802A143E1}.Debug|Any CPU.Build.0 = Debug|Any CPU
		{E0CE2B7C-04CE-4521-997E-DE6802A143E1}.Release|Any CPU.ActiveCfg = Release|Any CPU
		{E0CE2B7C-04CE-4521-997E-DE6802A143E1}.Release|Any CPU.Build.0 = Release|Any CPU
		{CCA63C5B-5084-4E73-B19E-CA1DC2299B11}.Debug|Any CPU.ActiveCfg = Debug|Any CPU
		{CCA63C5B-5084-4E73-B19E-CA1DC2299B11}.Debug|Any CPU.Build.0 = Debug|Any CPU
		{CCA63C5B-5084-4E73-B19E-CA1DC2299B11}.Release|Any CPU.ActiveCfg = Release|Any CPU
		{CCA63C5B-5084-4E73-B19E-CA1DC2299B11}.Release|Any CPU.Build.0 = Release|Any CPU
		{6BFC2658-750B-48B7-A97E-5C7001E7051F}.Debug|Any CPU.ActiveCfg = Debug|Any CPU
		{6BFC2658-750B-48B7-A97E-5C7001E7051F}.Debug|Any CPU.Build.0 = Debug|Any CPU
		{6BFC2658-750B-48B7-A97E-5C7001E7051F}.Release|Any CPU.ActiveCfg = Release|Any CPU
		{6BFC2658-750B-48B7-A97E-5C7001E7051F}.Release|Any CPU.Build.0 = Release|Any CPU
		{DBDAABCE-D987-4ADF-8775-96095F06AA29}.Debug|Any CPU.ActiveCfg = Debug|Any CPU
		{DBDAABCE-D987-4ADF-8775-96095F06AA29}.Debug|Any CPU.Build.0 = Debug|Any CPU
		{DBDAABCE-D987-4ADF-8775-96095F06AA29}.Release|Any CPU.ActiveCfg = Release|Any CPU
		{DBDAABCE-D987-4ADF-8775-96095F06AA29}.Release|Any CPU.Build.0 = Release|Any CPU
		{BBEF059C-5F9E-4B20-896C-6E786DF7187C}.Debug|Any CPU.ActiveCfg = Debug|Any CPU
		{BBEF059C-5F9E-4B20-896C-6E786DF7187C}.Debug|Any CPU.Build.0 = Debug|Any CPU
		{BBEF059C-5F9E-4B20-896C-6E786DF7187C}.Release|Any CPU.ActiveCfg = Release|Any CPU
		{BBEF059C-5F9E-4B20-896C-6E786DF7187C}.Release|Any CPU.Build.0 = Release|Any CPU
		{0786FF33-0DB0-46F5-9206-65485A4251E1}.Debug|Any CPU.ActiveCfg = Debug|Any CPU
		{0786FF33-0DB0-46F5-9206-65485A4251E1}.Debug|Any CPU.Build.0 = Debug|Any CPU
		{0786FF33-0DB0-46F5-9206-65485A4251E1}.Release|Any CPU.ActiveCfg = Release|Any CPU
		{0786FF33-0DB0-46F5-9206-65485A4251E1}.Release|Any CPU.Build.0 = Release|Any CPU
		{5F29041C-361F-44FC-B031-C3E06AA6C963}.Debug|Any CPU.ActiveCfg = Debug|Any CPU
		{5F29041C-361F-44FC-B031-C3E06AA6C963}.Debug|Any CPU.Build.0 = Debug|Any CPU
		{5F29041C-361F-44FC-B031-C3E06AA6C963}.Release|Any CPU.ActiveCfg = Release|Any CPU
		{5F29041C-361F-44FC-B031-C3E06AA6C963}.Release|Any CPU.Build.0 = Release|Any CPU
		{D7D392BA-069D-44C7-8B05-D83440752C38}.Debug|Any CPU.ActiveCfg = Debug|Any CPU
		{D7D392BA-069D-44C7-8B05-D83440752C38}.Debug|Any CPU.Build.0 = Debug|Any CPU
		{D7D392BA-069D-44C7-8B05-D83440752C38}.Release|Any CPU.ActiveCfg = Release|Any CPU
		{D7D392BA-069D-44C7-8B05-D83440752C38}.Release|Any CPU.Build.0 = Release|Any CPU
		{81861EE4-28CE-4066-9680-F371F326BEC5}.Debug|Any CPU.ActiveCfg = Debug|Any CPU
		{81861EE4-28CE-4066-9680-F371F326BEC5}.Debug|Any CPU.Build.0 = Debug|Any CPU
		{81861EE4-28CE-4066-9680-F371F326BEC5}.Release|Any CPU.ActiveCfg = Release|Any CPU
		{81861EE4-28CE-4066-9680-F371F326BEC5}.Release|Any CPU.Build.0 = Release|Any CPU
		{EF85159F-2264-49E9-9139-D04E74CBA51E}.Debug|Any CPU.ActiveCfg = Debug|Any CPU
		{EF85159F-2264-49E9-9139-D04E74CBA51E}.Debug|Any CPU.Build.0 = Debug|Any CPU
		{EF85159F-2264-49E9-9139-D04E74CBA51E}.Release|Any CPU.ActiveCfg = Release|Any CPU
		{EF85159F-2264-49E9-9139-D04E74CBA51E}.Release|Any CPU.Build.0 = Release|Any CPU
	EndGlobalSection
	GlobalSection(SolutionProperties) = preSolution
		HideSolutionNode = FALSE
	EndGlobalSection
	GlobalSection(NestedProjects) = preSolution
		{2BB643E8-3CA0-49D6-861C-47FF01F92A58} = {AFDB1543-4C84-4363-8222-C8A3C35DDE1D}
		{B8C59371-1044-40EE-BD27-B42CB7EC1391} = {AFDB1543-4C84-4363-8222-C8A3C35DDE1D}
		{87B65AC0-7680-4CD7-998C-3F3ACB58B17D} = {AFDB1543-4C84-4363-8222-C8A3C35DDE1D}
		{ED67DD0E-760E-4935-AF46-BEDA0B74D09F} = {A32B6669-26E6-48DD-8021-786FD1A64553}
		{45C61062-F3AE-4F26-ACB0-87682F57FCF7} = {A32B6669-26E6-48DD-8021-786FD1A64553}
		{2C0CAF4B-9EDA-469C-AA82-DCD6C86F9A24} = {A32B6669-26E6-48DD-8021-786FD1A64553}
		{B8BBF85A-BAE2-4AA1-924A-67D499967656} = {A32B6669-26E6-48DD-8021-786FD1A64553}
		{28C4D805-16D9-44E5-A836-CB4AE94E6985} = {3E7A8977-3B3B-49E1-9761-C14480025675}
		{8D782088-ED30-4AD9-BD12-24CAACFEB8C9} = {8190CFB4-E4A4-4DDD-9878-FA9EAB935647}
		{51CEAE01-92A9-4D48-B556-EE543EC7E9BF} = {8190CFB4-E4A4-4DDD-9878-FA9EAB935647}
		{06E416B9-54E3-4D20-9D5C-CAC262C3779F} = {8190CFB4-E4A4-4DDD-9878-FA9EAB935647}
		{F2CE1952-95FA-4E30-A32F-E3EB9B5F0601} = {8190CFB4-E4A4-4DDD-9878-FA9EAB935647}
		{79CF4290-F809-46D1-95BF-B1081144562F} = {AAC8B37C-1C12-459A-A9E7-8A4A83CDEBDE}
		{47D4AEB6-464B-4F19-8425-B8965C52492D} = {AAC8B37C-1C12-459A-A9E7-8A4A83CDEBDE}
		{6EF5BA5E-19C6-4078-8F2B-D98E756847D3} = {AAC8B37C-1C12-459A-A9E7-8A4A83CDEBDE}
		{0765173D-81A2-43C0-9198-EF0ABBEA6D59} = {AAC8B37C-1C12-459A-A9E7-8A4A83CDEBDE}
		{7E75AADC-2E71-4EC8-9662-004D2DF2AD60} = {AAC8B37C-1C12-459A-A9E7-8A4A83CDEBDE}
		{A3F515D9-47FD-4883-B101-A4A71EA61EF5} = {1F999016-7911-424B-BF67-80C17DD6D69C}
		{4064A202-C01B-49EC-8F35-B1576C1F8B77} = {1F999016-7911-424B-BF67-80C17DD6D69C}
		{3460A3E7-A319-48F6-9954-DA7175768A90} = {1F999016-7911-424B-BF67-80C17DD6D69C}
		{8CE3EAAD-0B2B-4E84-A74D-1D9CE1BCFF70} = {9B81B5C4-6814-41DA-AAE4-B15B238E85AE}
		{86EF99FD-2F7B-4096-BDA0-4D33A7472210} = {9B81B5C4-6814-41DA-AAE4-B15B238E85AE}
		{ABC93CB4-198D-45C7-9479-82343AE6D46C} = {9B81B5C4-6814-41DA-AAE4-B15B238E85AE}
		{6575787D-05C8-4DBC-BF21-742D4FC56C2A} = {9B81B5C4-6814-41DA-AAE4-B15B238E85AE}
		{F0E9AB03-38AB-4B51-85D4-95B94190C2D8} = {9B81B5C4-6814-41DA-AAE4-B15B238E85AE}
		{BBC038D5-C21B-4F62-8B56-0899489DA1E2} = {9B81B5C4-6814-41DA-AAE4-B15B238E85AE}
		{B741F910-F24B-4565-8CD5-D2440FB050EF} = {80A1D630-798B-4325-8309-85BCAD38319B}
		{E0CE2B7C-04CE-4521-997E-DE6802A143E1} = {80A1D630-798B-4325-8309-85BCAD38319B}
		{CCA63C5B-5084-4E73-B19E-CA1DC2299B11} = {80A1D630-798B-4325-8309-85BCAD38319B}
		{6BFC2658-750B-48B7-A97E-5C7001E7051F} = {80A1D630-798B-4325-8309-85BCAD38319B}
		{DBDAABCE-D987-4ADF-8775-96095F06AA29} = {EEC04BA9-BC88-4193-B7C1-6545306265E9}
		{BBEF059C-5F9E-4B20-896C-6E786DF7187C} = {EEC04BA9-BC88-4193-B7C1-6545306265E9}
		{0786FF33-0DB0-46F5-9206-65485A4251E1} = {EEC04BA9-BC88-4193-B7C1-6545306265E9}
		{5F29041C-361F-44FC-B031-C3E06AA6C963} = {EEC04BA9-BC88-4193-B7C1-6545306265E9}
		{D7D392BA-069D-44C7-8B05-D83440752C38} = {EEC04BA9-BC88-4193-B7C1-6545306265E9}
		{81861EE4-28CE-4066-9680-F371F326BEC5} = {EEC04BA9-BC88-4193-B7C1-6545306265E9}
		{EF85159F-2264-49E9-9139-D04E74CBA51E} = {EEC04BA9-BC88-4193-B7C1-6545306265E9}
	EndGlobalSection
	GlobalSection(ExtensibilityGlobals) = postSolution
		SolutionGuid = {49B186E8-1CAE-4A91-965C-F1C23A73605C}
	EndGlobalSection
EndGlobal
